
Microsoft Visual Studio Solution File, Format Version 12.00
# Visual Studio Version 17
VisualStudioVersion = 17.14.36623.8 d17.14
MinimumVisualStudioVersion = 10.0.40219.1
Project("{FAE04EC0-301F-11D3-BF4B-00C04F79EFBC}") = "GestionSuperheroes.Web", "GestionSuperheroes.Web\GestionSuperheroes.Web.csproj", "{CC3F3648-2C7C-4A0D-8C4A-6568D820FE73}"
EndProject
Project("{FAE04EC0-301F-11D3-BF4B-00C04F79EFBC}") = "GestionSuperheroes.Data", "GestionSuperheroes.Data\GestionSuperheroes.Data.csproj", "{7E2A851A-A3D4-49B7-803D-82249BED0A67}"
EndProject
Project("{FAE04EC0-301F-11D3-BF4B-00C04F79EFBC}") = "GestionSuperheroes.Servicios", "GestionSuperheroes.Servicios\GestionSuperheroes.Servicios.csproj", "{DCC520EB-2AB4-44F1-9DF2-2F9ACA4C1F85}"
EndProject
Global
	GlobalSection(SolutionConfigurationPlatforms) = preSolution
		Debug|Any CPU = Debug|Any CPU
		Release|Any CPU = Release|Any CPU
	EndGlobalSection
	GlobalSection(ProjectConfigurationPlatforms) = postSolution
		{CC3F3648-2C7C-4A0D-8C4A-6568D820FE73}.Debug|Any CPU.ActiveCfg = Debug|Any CPU
		{CC3F3648-2C7C-4A0D-8C4A-6568D820FE73}.Debug|Any CPU.Build.0 = Debug|Any CPU
		{CC3F3648-2C7C-4A0D-8C4A-6568D820FE73}.Release|Any CPU.ActiveCfg = Release|Any CPU
		{CC3F3648-2C7C-4A0D-8C4A-6568D820FE73}.Release|Any CPU.Build.0 = Release|Any CPU
		{7E2A851A-A3D4-49B7-803D-82249BED0A67}.Debug|Any CPU.ActiveCfg = Debug|Any CPU
		{7E2A851A-A3D4-49B7-803D-82249BED0A67}.Debug|Any CPU.Build.0 = Debug|Any CPU
		{7E2A851A-A3D4-49B7-803D-82249BED0A67}.Release|Any CPU.ActiveCfg = Release|Any CPU
		{7E2A851A-A3D4-49B7-803D-82249BED0A67}.Release|Any CPU.Build.0 = Release|Any CPU
		{DCC520EB-2AB4-44F1-9DF2-2F9ACA4C1F85}.Debug|Any CPU.ActiveCfg = Debug|Any CPU
		{DCC520EB-2AB4-44F1-9DF2-2F9ACA4C1F85}.Debug|Any CPU.Build.0 = Debug|Any CPU
		{DCC520EB-2AB4-44F1-9DF2-2F9ACA4C1F85}.Release|Any CPU.ActiveCfg = Release|Any CPU
		{DCC520EB-2AB4-44F1-9DF2-2F9ACA4C1F85}.Release|Any CPU.Build.0 = Release|Any CPU
	EndGlobalSection
	GlobalSection(SolutionProperties) = preSolution
		HideSolutionNode = FALSE
	EndGlobalSection
	GlobalSection(ExtensibilityGlobals) = postSolution
		SolutionGuid = {C2F3B99D-359C-4EBC-B626-D9A66CE24826}
	EndGlobalSection
EndGlobal
