
Microsoft Visual Studio Solution File, Format Version 12.00
# Visual Studio Version 17
VisualStudioVersion = 17.14.36623.8 d17.14
MinimumVisualStudioVersion = 10.0.40219.1
Project("{FAE04EC0-301F-11D3-BF4B-00C04F79EFBC}") = "SistemaDeJugadores.Web", "SistemaDeJugadores.Web\SistemaDeJugadores.Web.csproj", "{99D40637-153E-49D4-B893-97785DE33706}"
EndProject
Project("{FAE04EC0-301F-11D3-BF4B-00C04F79EFBC}") = "SistemaDeJugadores.Data", "SistemaDeJugadores.Data\SistemaDeJugadores.Data.csproj", "{FF19EAD5-E66A-43DF-A203-88D594B9A968}"
EndProject
Project("{FAE04EC0-301F-11D3-BF4B-00C04F79EFBC}") = "SistemaDeJugadores.Servicios", "SistemaDeJugadores.Servicios\SistemaDeJugadores.Servicios.csproj", "{22401422-FE53-4C0A-BD87-C7F25D42CD4B}"
EndProject
Global
	GlobalSection(SolutionConfigurationPlatforms) = preSolution
		Debug|Any CPU = Debug|Any CPU
		Release|Any CPU = Release|Any CPU
	EndGlobalSection
	GlobalSection(ProjectConfigurationPlatforms) = postSolution
		{99D40637-153E-49D4-B893-97785DE33706}.Debug|Any CPU.ActiveCfg = Debug|Any CPU
		{99D40637-153E-49D4-B893-97785DE33706}.Debug|Any CPU.Build.0 = Debug|Any CPU
		{99D40637-153E-49D4-B893-97785DE33706}.Release|Any CPU.ActiveCfg = Release|Any CPU
		{99D40637-153E-49D4-B893-97785DE33706}.Release|Any CPU.Build.0 = Release|Any CPU
		{FF19EAD5-E66A-43DF-A203-88D594B9A968}.Debug|Any CPU.ActiveCfg = Debug|Any CPU
		{FF19EAD5-E66A-43DF-A203-88D594B9A968}.Debug|Any CPU.Build.0 = Debug|Any CPU
		{FF19EAD5-E66A-43DF-A203-88D594B9A968}.Release|Any CPU.ActiveCfg = Release|Any CPU
		{FF19EAD5-E66A-43DF-A203-88D594B9A968}.Release|Any CPU.Build.0 = Release|Any CPU
		{22401422-FE53-4C0A-BD87-C7F25D42CD4B}.Debug|Any CPU.ActiveCfg = Debug|Any CPU
		{22401422-FE53-4C0A-BD87-C7F25D42CD4B}.Debug|Any CPU.Build.0 = Debug|Any CPU
		{22401422-FE53-4C0A-BD87-C7F25D42CD4B}.Release|Any CPU.ActiveCfg = Release|Any CPU
		{22401422-FE53-4C0A-BD87-C7F25D42CD4B}.Release|Any CPU.Build.0 = Release|Any CPU
	EndGlobalSection
	GlobalSection(SolutionProperties) = preSolution
		HideSolutionNode = FALSE
	EndGlobalSection
	GlobalSection(ExtensibilityGlobals) = postSolution
		SolutionGuid = {B87B027B-2424-496D-A858-728BFCBB61DD}
	EndGlobalSection
EndGlobal
